
Microsoft Visual Studio Solution File, Format Version 12.00
# Visual Studio Version 16
VisualStudioVersion = 16.0.31321.278
MinimumVisualStudioVersion = 10.0.40219.1
Project("{9A19103F-16F7-4668-BE54-9A1E7A4F7556}") = "PerformanceEfficiencySuite.ConsoleApp", "PerformanceEfficiencySuite.ConsoleApp\PerformanceEfficiencySuite.ConsoleApp.csproj", "{370D9671-D7E5-4459-B8BE-01EA4E47D947}"
EndProject
Project("{9A19103F-16F7-4668-BE54-9A1E7A4F7556}") = "PerformanceEfficiencySuite", "PerformanceEfficiencySuite\PerformanceEfficiencySuite.csproj", "{BEC97C29-30E1-43B4-9DBA-C7AF0E724931}"
EndProject
Project("{FAE04EC0-301F-11D3-BF4B-00C04F79EFBC}") = "PerformanceEfficiencySuite.Modules.Cinebench", "PerformanceEfficiencySuite.Modules.Cinebench\PerformanceEfficiencySuite.Modules.Cinebench.csproj", "{D22B43B1-8950-4009-9F65-CE2CDAA45D6F}"
EndProject
Global
	GlobalSection(SolutionConfigurationPlatforms) = preSolution
		Debug|Any CPU = Debug|Any CPU
		Release|Any CPU = Release|Any CPU
	EndGlobalSection
	GlobalSection(ProjectConfigurationPlatforms) = postSolution
		{370D9671-D7E5-4459-B8BE-01EA4E47D947}.Debug|Any CPU.ActiveCfg = Debug|Any CPU
		{370D9671-D7E5-4459-B8BE-01EA4E47D947}.Debug|Any CPU.Build.0 = Debug|Any CPU
		{370D9671-D7E5-4459-B8BE-01EA4E47D947}.Release|Any CPU.ActiveCfg = Release|Any CPU
		{370D9671-D7E5-4459-B8BE-01EA4E47D947}.Release|Any CPU.Build.0 = Release|Any CPU
		{BEC97C29-30E1-43B4-9DBA-C7AF0E724931}.Debug|Any CPU.ActiveCfg = Debug|Any CPU
		{BEC97C29-30E1-43B4-9DBA-C7AF0E724931}.Debug|Any CPU.Build.0 = Debug|Any CPU
		{BEC97C29-30E1-43B4-9DBA-C7AF0E724931}.Release|Any CPU.ActiveCfg = Release|Any CPU
		{BEC97C29-30E1-43B4-9DBA-C7AF0E724931}.Release|Any CPU.Build.0 = Release|Any CPU
		{D22B43B1-8950-4009-9F65-CE2CDAA45D6F}.Debug|Any CPU.ActiveCfg = Debug|Any CPU
		{D22B43B1-8950-4009-9F65-CE2CDAA45D6F}.Debug|Any CPU.Build.0 = Debug|Any CPU
		{D22B43B1-8950-4009-9F65-CE2CDAA45D6F}.Release|Any CPU.ActiveCfg = Release|Any CPU
		{D22B43B1-8950-4009-9F65-CE2CDAA45D6F}.Release|Any CPU.Build.0 = Release|Any CPU
	EndGlobalSection
	GlobalSection(SolutionProperties) = preSolution
		HideSolutionNode = FALSE
	EndGlobalSection
	GlobalSection(ExtensibilityGlobals) = postSolution
		SolutionGuid = {6D8DC8C6-4EB8-4A03-A90D-27EC038A21EA}
	EndGlobalSection
EndGlobal
